{
    "name": "modularity-testimonials",
    "version": "4.0.1",
    "lockfileVersion": 3,
    "requires": true,
    "packages": {
        "": {
            "name": "modularity-testimonials",
            "version": "4.0.1",
            "devDependencies": [],
            "license": "MIT"
        }
    }
}
